
Microsoft Visual Studio Solution File, Format Version 12.00
# Visual Studio Version 17
VisualStudioVersion = 17.6.33723.286
MinimumVisualStudioVersion = 10.0.40219.1
Project("{FAE04EC0-301F-11D3-BF4B-00C04F79EFBC}") = "LifeSpot1Module31", "LifeSpot1Module31\LifeSpot1Module31.csproj", "{764A1EE8-A4E4-4190-AA4C-DED9A124913D}"
EndProject
Global
	GlobalSection(SolutionConfigurationPlatforms) = preSolution
		Debug|Any CPU = Debug|Any CPU
		Release|Any CPU = Release|Any CPU
	EndGlobalSection
	GlobalSection(ProjectConfigurationPlatforms) = postSolution
		{764A1EE8-A4E4-4190-AA4C-DED9A124913D}.Debug|Any CPU.ActiveCfg = Debug|Any CPU
		{764A1EE8-A4E4-4190-AA4C-DED9A124913D}.Debug|Any CPU.Build.0 = Debug|Any CPU
		{764A1EE8-A4E4-4190-AA4C-DED9A124913D}.Release|Any CPU.ActiveCfg = Release|Any CPU
		{764A1EE8-A4E4-4190-AA4C-DED9A124913D}.Release|Any CPU.Build.0 = Release|Any CPU
	EndGlobalSection
	GlobalSection(SolutionProperties) = preSolution
		HideSolutionNode = FALSE
	EndGlobalSection
	GlobalSection(ExtensibilityGlobals) = postSolution
		SolutionGuid = {26B6DC67-29C7-45BF-BC62-5B850A951DD8}
	EndGlobalSection
EndGlobal
